// !$*UTF8*$!
{
	archiveVersion = 1;
	classes = {
	};
	objectVersion = 50;
	objects = {

/* Begin PBXBuildFile section */
		00089B3B21938BA90010DFA6 /* AssessmentMVVMTests.swift in Sources */ = {isa = PBXBuildFile; fileRef = 00089B3A21938BA90010DFA6 /* AssessmentMVVMTests.swift */; };
		00089B49219390BE0010DFA6 /* AssessmentMVVMUITests.swift in Sources */ = {isa = PBXBuildFile; fileRef = 00089B48219390BE0010DFA6 /* AssessmentMVVMUITests.swift */; };
		00A1F29C218B3C5A002ADE3C /* AppDelegate.swift in Sources */ = {isa = PBXBuildFile; fileRef = 00A1F29B218B3C5A002ADE3C /* AppDelegate.swift */; };
		00A1F29E218B3C5A002ADE3C /* ViewController.swift in Sources */ = {isa = PBXBuildFile; fileRef = 00A1F29D218B3C5A002ADE3C /* ViewController.swift */; };
		00A1F2A1218B3C5A002ADE3C /* Main.storyboard in Resources */ = {isa = PBXBuildFile; fileRef = 00A1F29F218B3C5A002ADE3C /* Main.storyboard */; };
		00A1F2A3218B3C5F002ADE3C /* Assets.xcassets in Resources */ = {isa = PBXBuildFile; fileRef = 00A1F2A2218B3C5F002ADE3C /* Assets.xcassets */; };
		00A1F2A6218B3C5F002ADE3C /* LaunchScreen.storyboard in Resources */ = {isa = PBXBuildFile; fileRef = 00A1F2A4218B3C5F002ADE3C /* LaunchScreen.storyboard */; };
		00A1F2AE218B415A002ADE3C /* ListCollectionViewCell.swift in Sources */ = {isa = PBXBuildFile; fileRef = 00A1F2AD218B415A002ADE3C /* ListCollectionViewCell.swift */; };
		00A1F2B0218B4166002ADE3C /* GridCollectionViewCell.swift in Sources */ = {isa = PBXBuildFile; fileRef = 00A1F2AF218B4166002ADE3C /* GridCollectionViewCell.swift */; };
		00A1F2B4218B45FA002ADE3C /* NetworkHandler.swift in Sources */ = {isa = PBXBuildFile; fileRef = 00A1F2B3218B45FA002ADE3C /* NetworkHandler.swift */; };
		00A1F2B7218B479E002ADE3C /* CountryModel.swift in Sources */ = {isa = PBXBuildFile; fileRef = 00A1F2B6218B479E002ADE3C /* CountryModel.swift */; };
		00A1F2BA218B4CD2002ADE3C /* Errors.swift in Sources */ = {isa = PBXBuildFile; fileRef = 00A1F2B9218B4CD2002ADE3C /* Errors.swift */; };
		00A1F2BD218B9011002ADE3C /* CountryViewModel.swift in Sources */ = {isa = PBXBuildFile; fileRef = 00A1F2BC218B9011002ADE3C /* CountryViewModel.swift */; };
/* End PBXBuildFile section */

/* Begin PBXContainerItemProxy section */
		00089B3D21938BA90010DFA6 /* PBXContainerItemProxy */ = {
			isa = PBXContainerItemProxy;
			containerPortal = 00A1F290218B3C5A002ADE3C /* Project object */;
			proxyType = 1;
			remoteGlobalIDString = 00A1F297218B3C5A002ADE3C;
			remoteInfo = AssessmentMVVM;
		};
		00089B4B219390BE0010DFA6 /* PBXContainerItemProxy */ = {
			isa = PBXContainerItemProxy;
			containerPortal = 00A1F290218B3C5A002ADE3C /* Project object */;
			proxyType = 1;
			remoteGlobalIDString = 00A1F297218B3C5A002ADE3C;
			remoteInfo = AssessmentMVVM;
		};
/* End PBXContainerItemProxy section */

/* Begin PBXFileReference section */
		00089B3821938BA90010DFA6 /* AssessmentMVVMTests.xctest */ = {isa = PBXFileReference; explicitFileType = wrapper.cfbundle; includeInIndex = 0; path = AssessmentMVVMTests.xctest; sourceTree = BUILT_PRODUCTS_DIR; };
		00089B3A21938BA90010DFA6 /* AssessmentMVVMTests.swift */ = {isa = PBXFileReference; lastKnownFileType = sourcecode.swift; path = AssessmentMVVMTests.swift; sourceTree = "<group>"; };
		00089B3C21938BA90010DFA6 /* Info.plist */ = {isa = PBXFileReference; lastKnownFileType = text.plist.xml; path = Info.plist; sourceTree = "<group>"; };
		00089B46219390BE0010DFA6 /* AssessmentMVVMUITests.xctest */ = {isa = PBXFileReference; explicitFileType = wrapper.cfbundle; includeInIndex = 0; path = AssessmentMVVMUITests.xctest; sourceTree = BUILT_PRODUCTS_DIR; };
		00089B48219390BE0010DFA6 /* AssessmentMVVMUITests.swift */ = {isa = PBXFileReference; lastKnownFileType = sourcecode.swift; path = AssessmentMVVMUITests.swift; sourceTree = "<group>"; };
		00089B4A219390BE0010DFA6 /* Info.plist */ = {isa = PBXFileReference; lastKnownFileType = text.plist.xml; path = Info.plist; sourceTree = "<group>"; };
		00A1F298218B3C5A002ADE3C /* AssessmentMVVM.app */ = {isa = PBXFileReference; explicitFileType = wrapper.application; includeInIndex = 0; path = AssessmentMVVM.app; sourceTree = BUILT_PRODUCTS_DIR; };
		00A1F29B218B3C5A002ADE3C /* AppDelegate.swift */ = {isa = PBXFileReference; lastKnownFileType = sourcecode.swift; path = AppDelegate.swift; sourceTree = "<group>"; };
		00A1F29D218B3C5A002ADE3C /* ViewController.swift */ = {isa = PBXFileReference; lastKnownFileType = sourcecode.swift; path = ViewController.swift; sourceTree = "<group>"; };
		00A1F2A0218B3C5A002ADE3C /* Base */ = {isa = PBXFileReference; lastKnownFileType = file.storyboard; name = Base; path = Base.lproj/Main.storyboard; sourceTree = "<group>"; };
		00A1F2A2218B3C5F002ADE3C /* Assets.xcassets */ = {isa = PBXFileReference; lastKnownFileType = folder.assetcatalog; path = Assets.xcassets; sourceTree = "<group>"; };
		00A1F2A5218B3C5F002ADE3C /* Base */ = {isa = PBXFileReference; lastKnownFileType = file.storyboard; name = Base; path = Base.lproj/LaunchScreen.storyboard; sourceTree = "<group>"; };
		00A1F2A7218B3C5F002ADE3C /* Info.plist */ = {isa = PBXFileReference; lastKnownFileType = text.plist.xml; path = Info.plist; sourceTree = "<group>"; };
		00A1F2AD218B415A002ADE3C /* ListCollectionViewCell.swift */ = {isa = PBXFileReference; lastKnownFileType = sourcecode.swift; path = ListCollectionViewCell.swift; sourceTree = "<group>"; };
		00A1F2AF218B4166002ADE3C /* GridCollectionViewCell.swift */ = {isa = PBXFileReference; lastKnownFileType = sourcecode.swift; path = GridCollectionViewCell.swift; sourceTree = "<group>"; };
		00A1F2B3218B45FA002ADE3C /* NetworkHandler.swift */ = {isa = PBXFileReference; lastKnownFileType = sourcecode.swift; path = NetworkHandler.swift; sourceTree = "<group>"; };
		00A1F2B6218B479E002ADE3C /* CountryModel.swift */ = {isa = PBXFileReference; lastKnownFileType = sourcecode.swift; path = CountryModel.swift; sourceTree = "<group>"; };
		00A1F2B9218B4CD2002ADE3C /* Errors.swift */ = {isa = PBXFileReference; lastKnownFileType = sourcecode.swift; path = Errors.swift; sourceTree = "<group>"; };
		00A1F2BC218B9011002ADE3C /* CountryViewModel.swift */ = {isa = PBXFileReference; lastKnownFileType = sourcecode.swift; path = CountryViewModel.swift; sourceTree = "<group>"; };
/* End PBXFileReference section */

/* Begin PBXFrameworksBuildPhase section */
		00089B3521938BA90010DFA6 /* Frameworks */ = {
			isa = PBXFrameworksBuildPhase;
			buildActionMask = 2147483647;
			files = (
			);
			runOnlyForDeploymentPostprocessing = 0;
		};
		00089B43219390BE0010DFA6 /* Frameworks */ = {
			isa = PBXFrameworksBuildPhase;
			buildActionMask = 2147483647;
			files = (
			);
			runOnlyForDeploymentPostprocessing = 0;
		};
		00A1F295218B3C5A002ADE3C /* Frameworks */ = {
			isa = PBXFrameworksBuildPhase;
			buildActionMask = 2147483647;
			files = (
			);
			runOnlyForDeploymentPostprocessing = 0;
		};
/* End PBXFrameworksBuildPhase section */

/* Begin PBXGroup section */
		00089B3921938BA90010DFA6 /* AssessmentMVVMTests */ = {
			isa = PBXGroup;
			children = (
				00089B3A21938BA90010DFA6 /* AssessmentMVVMTests.swift */,
				00089B3C21938BA90010DFA6 /* Info.plist */,
			);
			path = AssessmentMVVMTests;
			sourceTree = "<group>";
		};
		00089B47219390BE0010DFA6 /* AssessmentMVVMUITests */ = {
			isa = PBXGroup;
			children = (
				00089B48219390BE0010DFA6 /* AssessmentMVVMUITests.swift */,
				00089B4A219390BE0010DFA6 /* Info.plist */,
			);
			path = AssessmentMVVMUITests;
			sourceTree = "<group>";
		};
		00A1F28F218B3C5A002ADE3C = {
			isa = PBXGroup;
			children = (
				00A1F29A218B3C5A002ADE3C /* AssessmentMVVM */,
				00089B3921938BA90010DFA6 /* AssessmentMVVMTests */,
				00089B47219390BE0010DFA6 /* AssessmentMVVMUITests */,
				00A1F299218B3C5A002ADE3C /* Products */,
			);
			sourceTree = "<group>";
		};
		00A1F299218B3C5A002ADE3C /* Products */ = {
			isa = PBXGroup;
			children = (
				00A1F298218B3C5A002ADE3C /* AssessmentMVVM.app */,
				00089B3821938BA90010DFA6 /* AssessmentMVVMTests.xctest */,
				00089B46219390BE0010DFA6 /* AssessmentMVVMUITests.xctest */,
			);
			name = Products;
			sourceTree = "<group>";
		};
		00A1F29A218B3C5A002ADE3C /* AssessmentMVVM */ = {
			isa = PBXGroup;
			children = (
				00A1F29B218B3C5A002ADE3C /* AppDelegate.swift */,
				00A1F2BE218B96DF002ADE3C /* Controller */,
				00A1F2BB218B8FEA002ADE3C /* ViewModel */,
				00A1F2B8218B4CB5002ADE3C /* ErrorHandling */,
				00A1F2B1218B4586002ADE3C /* View */,
				00A1F2B5218B4776002ADE3C /* Model */,
				00A1F2B2218B45D2002ADE3C /* Networking */,
				00A1F2A2218B3C5F002ADE3C /* Assets.xcassets */,
				00A1F2A4218B3C5F002ADE3C /* LaunchScreen.storyboard */,
				00A1F2A7218B3C5F002ADE3C /* Info.plist */,
			);
			path = AssessmentMVVM;
			sourceTree = "<group>";
		};
		00A1F2B1218B4586002ADE3C /* View */ = {
			isa = PBXGroup;
			children = (
				00A1F29F218B3C5A002ADE3C /* Main.storyboard */,
				00A1F2AD218B415A002ADE3C /* ListCollectionViewCell.swift */,
				00A1F2AF218B4166002ADE3C /* GridCollectionViewCell.swift */,
			);
			path = View;
			sourceTree = "<group>";
		};
		00A1F2B2218B45D2002ADE3C /* Networking */ = {
			isa = PBXGroup;
			children = (
				00A1F2B3218B45FA002ADE3C /* NetworkHandler.swift */,
			);
			path = Networking;
			sourceTree = "<group>";
		};
		00A1F2B5218B4776002ADE3C /* Model */ = {
			isa = PBXGroup;
			children = (
				00A1F2B6218B479E002ADE3C /* CountryModel.swift */,
			);
			path = Model;
			sourceTree = "<group>";
		};
		00A1F2B8218B4CB5002ADE3C /* ErrorHandling */ = {
			isa = PBXGroup;
			children = (
				00A1F2B9218B4CD2002ADE3C /* Errors.swift */,
			);
			path = ErrorHandling;
			sourceTree = "<group>";
		};
		00A1F2BB218B8FEA002ADE3C /* ViewModel */ = {
			isa = PBXGroup;
			children = (
				00A1F2BC218B9011002ADE3C /* CountryViewModel.swift */,
			);
			path = ViewModel;
			sourceTree = "<group>";
		};
		00A1F2BE218B96DF002ADE3C /* Controller */ = {
			isa = PBXGroup;
			children = (
				00A1F29D218B3C5A002ADE3C /* ViewController.swift */,
			);
			path = Controller;
			sourceTree = "<group>";
		};
/* End PBXGroup section */

/* Begin PBXNativeTarget section */
		00089B3721938BA90010DFA6 /* AssessmentMVVMTests */ = {
			isa = PBXNativeTarget;
			buildConfigurationList = 00089B4121938BA90010DFA6 /* Build configuration list for PBXNativeTarget "AssessmentMVVMTests" */;
			buildPhases = (
				00089B3421938BA90010DFA6 /* Sources */,
				00089B3521938BA90010DFA6 /* Frameworks */,
				00089B3621938BA90010DFA6 /* Resources */,
			);
			buildRules = (
			);
			dependencies = (
				00089B3E21938BA90010DFA6 /* PBXTargetDependency */,
			);
			name = AssessmentMVVMTests;
			productName = AssessmentMVVMTests;
			productReference = 00089B3821938BA90010DFA6 /* AssessmentMVVMTests.xctest */;
			productType = "com.apple.product-type.bundle.unit-test";
		};
		00089B45219390BE0010DFA6 /* AssessmentMVVMUITests */ = {
			isa = PBXNativeTarget;
			buildConfigurationList = 00089B4D219390BE0010DFA6 /* Build configuration list for PBXNativeTarget "AssessmentMVVMUITests" */;
			buildPhases = (
				00089B42219390BE0010DFA6 /* Sources */,
				00089B43219390BE0010DFA6 /* Frameworks */,
				00089B44219390BE0010DFA6 /* Resources */,
			);
			buildRules = (
			);
			dependencies = (
				00089B4C219390BE0010DFA6 /* PBXTargetDependency */,
			);
			name = AssessmentMVVMUITests;
			productName = AssessmentMVVMUITests;
			productReference = 00089B46219390BE0010DFA6 /* AssessmentMVVMUITests.xctest */;
			productType = "com.apple.product-type.bundle.ui-testing";
		};
		00A1F297218B3C5A002ADE3C /* AssessmentMVVM */ = {
			isa = PBXNativeTarget;
			buildConfigurationList = 00A1F2AA218B3C5F002ADE3C /* Build configuration list for PBXNativeTarget "AssessmentMVVM" */;
			buildPhases = (
				00A1F294218B3C5A002ADE3C /* Sources */,
				00A1F295218B3C5A002ADE3C /* Frameworks */,
				00A1F296218B3C5A002ADE3C /* Resources */,
			);
			buildRules = (
			);
			dependencies = (
			);
			name = AssessmentMVVM;
			productName = AssessmentMVVM;
			productReference = 00A1F298218B3C5A002ADE3C /* AssessmentMVVM.app */;
			productType = "com.apple.product-type.application";
		};
/* End PBXNativeTarget section */

/* Begin PBXProject section */
		00A1F290218B3C5A002ADE3C /* Project object */ = {
			isa = PBXProject;
			attributes = {
				LastSwiftUpdateCheck = 1010;
				LastUpgradeCheck = 1010;
				ORGANIZATIONNAME = Ady;
				TargetAttributes = {
					00089B3721938BA90010DFA6 = {
						CreatedOnToolsVersion = 10.1;
						TestTargetID = 00A1F297218B3C5A002ADE3C;
					};
					00089B45219390BE0010DFA6 = {
						CreatedOnToolsVersion = 10.1;
						TestTargetID = 00A1F297218B3C5A002ADE3C;
					};
					00A1F297218B3C5A002ADE3C = {
						CreatedOnToolsVersion = 10.1;
						SystemCapabilities = {
							com.apple.BackgroundModes = {
								enabled = 0;
							};
						};
					};
				};
			};
			buildConfigurationList = 00A1F293218B3C5A002ADE3C /* Build configuration list for PBXProject "AssessmentMVVM" */;
			compatibilityVersion = "Xcode 9.3";
			developmentRegion = en;
			hasScannedForEncodings = 0;
			knownRegions = (
				en,
				Base,
			);
			mainGroup = 00A1F28F218B3C5A002ADE3C;
			productRefGroup = 00A1F299218B3C5A002ADE3C /* Products */;
			projectDirPath = "";
			projectRoot = "";
			targets = (
				00A1F297218B3C5A002ADE3C /* AssessmentMVVM */,
				00089B3721938BA90010DFA6 /* AssessmentMVVMTests */,
				00089B45219390BE0010DFA6 /* AssessmentMVVMUITests */,
			);
		};
/* End PBXProject section */

/* Begin PBXResourcesBuildPhase section */
		00089B3621938BA90010DFA6 /* Resources */ = {
			isa = PBXResourcesBuildPhase;
			buildActionMask = 2147483647;
			files = (
			);
			runOnlyForDeploymentPostprocessing = 0;
		};
		00089B44219390BE0010DFA6 /* Resources */ = {
			isa = PBXResourcesBuildPhase;
			buildActionMask = 2147483647;
			files = (
			);
			runOnlyForDeploymentPostprocessing = 0;
		};
		00A1F296218B3C5A002ADE3C /* Resources */ = {
			isa = PBXResourcesBuildPhase;
			buildActionMask = 2147483647;
			files = (
				00A1F2A6218B3C5F002ADE3C /* LaunchScreen.storyboard in Resources */,
				00A1F2A3218B3C5F002ADE3C /* Assets.xcassets in Resources */,
				00A1F2A1218B3C5A002ADE3C /* Main.storyboard in Resources */,
			);
			runOnlyForDeploymentPostprocessing = 0;
		};
/* End PBXResourcesBuildPhase section */

/* Begin PBXSourcesBuildPhase section */
		00089B3421938BA90010DFA6 /* Sources */ = {
			isa = PBXSourcesBuildPhase;
			buildActionMask = 2147483647;
			files = (
				00089B3B21938BA90010DFA6 /* AssessmentMVVMTests.swift in Sources */,
			);
			runOnlyForDeploymentPostprocessing = 0;
		};
		00089B42219390BE0010DFA6 /* Sources */ = {
			isa = PBXSourcesBuildPhase;
			buildActionMask = 2147483647;
			files = (
				00089B49219390BE0010DFA6 /* AssessmentMVVMUITests.swift in Sources */,
			);
			runOnlyForDeploymentPostprocessing = 0;
		};
		00A1F294218B3C5A002ADE3C /* Sources */ = {
			isa = PBXSourcesBuildPhase;
			buildActionMask = 2147483647;
			files = (
				00A1F2B0218B4166002ADE3C /* GridCollectionViewCell.swift in Sources */,
				00A1F2BD218B9011002ADE3C /* CountryViewModel.swift in Sources */,
				00A1F2AE218B415A002ADE3C /* ListCollectionViewCell.swift in Sources */,
				00A1F2B7218B479E002ADE3C /* CountryModel.swift in Sources */,
				00A1F29E218B3C5A002ADE3C /* ViewController.swift in Sources */,
				00A1F2B4218B45FA002ADE3C /* NetworkHandler.swift in Sources */,
				00A1F29C218B3C5A002ADE3C /* AppDelegate.swift in Sources */,
				00A1F2BA218B4CD2002ADE3C /* Errors.swift in Sources */,
			);
			runOnlyForDeploymentPostprocessing = 0;
		};
/* End PBXSourcesBuildPhase section */

/* Begin PBXTargetDependency section */
		00089B3E21938BA90010DFA6 /* PBXTargetDependency */ = {
			isa = PBXTargetDependency;
			target = 00A1F297218B3C5A002ADE3C /* AssessmentMVVM */;
			targetProxy = 00089B3D21938BA90010DFA6 /* PBXContainerItemProxy */;
		};
		00089B4C219390BE0010DFA6 /* PBXTargetDependency */ = {
			isa = PBXTargetDependency;
			target = 00A1F297218B3C5A002ADE3C /* AssessmentMVVM */;
			targetProxy = 00089B4B219390BE0010DFA6 /* PBXContainerItemProxy */;
		};
/* End PBXTargetDependency section */

/* Begin PBXVariantGroup section */
		00A1F29F218B3C5A002ADE3C /* Main.storyboard */ = {
			isa = PBXVariantGroup;
			children = (
				00A1F2A0218B3C5A002ADE3C /* Base */,
			);
			name = Main.storyboard;
			sourceTree = "<group>";
		};
		00A1F2A4218B3C5F002ADE3C /* LaunchScreen.storyboard */ = {
			isa = PBXVariantGroup;
			children = (
				00A1F2A5218B3C5F002ADE3C /* Base */,
			);
			name = LaunchScreen.storyboard;
			sourceTree = "<group>";
		};
/* End PBXVariantGroup section */

/* Begin XCBuildConfiguration section */
		00089B3F21938BA90010DFA6 /* Debug */ = {
			isa = XCBuildConfiguration;
			buildSettings = {
				BUNDLE_LOADER = "$(TEST_HOST)";
				CODE_SIGN_STYLE = Automatic;
				INFOPLIST_FILE = AssessmentMVVMTests/Info.plist;
				LD_RUNPATH_SEARCH_PATHS = (
					"$(inherited)",
					"@executable_path/Frameworks",
					"@loader_path/Frameworks",
				);
				PRODUCT_BUNDLE_IDENTIFIER = com.Ady.AssessmentMVVMTests;
				PRODUCT_NAME = "$(TARGET_NAME)";
				SWIFT_VERSION = 4.2;
				TARGETED_DEVICE_FAMILY = "1,2";
				TEST_HOST = "$(BUILT_PRODUCTS_DIR)/AssessmentMVVM.app/AssessmentMVVM";
			};
			name = Debug;
		};
		00089B4021938BA90010DFA6 /* Release */ = {
			isa = XCBuildConfiguration;
			buildSettings = {
				BUNDLE_LOADER = "$(TEST_HOST)";
				CODE_SIGN_STYLE = Automatic;
				INFOPLIST_FILE = AssessmentMVVMTests/Info.plist;
				LD_RUNPATH_SEARCH_PATHS = (
					"$(inherited)",
					"@executable_path/Frameworks",
					"@loader_path/Frameworks",
				);
				PRODUCT_BUNDLE_IDENTIFIER = com.Ady.AssessmentMVVMTests;
				PRODUCT_NAME = "$(TARGET_NAME)";
				SWIFT_VERSION = 4.2;
				TARGETED_DEVICE_FAMILY = "1,2";
				TEST_HOST = "$(BUILT_PRODUCTS_DIR)/AssessmentMVVM.app/AssessmentMVVM";
			};
			name = Release;
		};
		00089B4E219390BE0010DFA6 /* Debug */ = {
			isa = XCBuildConfiguration;
			buildSettings = {
				CODE_SIGN_STYLE = Automatic;
				INFOPLIST_FILE = AssessmentMVVMUITests/Info.plist;
				LD_RUNPATH_SEARCH_PATHS = (
					"$(inherited)",
					"@executable_path/Frameworks",
					"@loader_path/Frameworks",
				);
				PRODUCT_BUNDLE_IDENTIFIER = com.Ady.AssessmentMVVMUITests;
				PRODUCT_NAME = "$(TARGET_NAME)";
				SWIFT_VERSION = 4.2;
				TARGETED_DEVICE_FAMILY = "1,2";
				TEST_TARGET_NAME = AssessmentMVVM;
			};
			name = Debug;
		};
		00089B4F219390BE0010DFA6 /* Release */ = {
			isa = XCBuildConfiguration;
			buildSettings = {
				CODE_SIGN_STYLE = Automatic;
				INFOPLIST_FILE = AssessmentMVVMUITests/Info.plist;
				LD_RUNPATH_SEARCH_PATHS = (
					"$(inherited)",
					"@executable_path/Frameworks",
					"@loader_path/Frameworks",
				);
				PRODUCT_BUNDLE_IDENTIFIER = com.Ady.AssessmentMVVMUITests;
				PRODUCT_NAME = "$(TARGET_NAME)";
				SWIFT_VERSION = 4.2;
				TARGETED_DEVICE_FAMILY = "1,2";
				TEST_TARGET_NAME = AssessmentMVVM;
			};
			name = Release;
		};
		00A1F2A8218B3C5F002ADE3C /* Debug */ = {
			isa = XCBuildConfiguration;
			buildSettings = {
				ALWAYS_SEARCH_USER_PATHS = NO;
				CLANG_ANALYZER_NONNULL = YES;
				CLANG_ANALYZER_NUMBER_OBJECT_CONVERSION = YES_AGGRESSIVE;
				CLANG_CXX_LANGUAGE_STANDARD = "gnu++14";
				CLANG_CXX_LIBRARY = "libc++";
				CLANG_ENABLE_MODULES = YES;
				CLANG_ENABLE_OBJC_ARC = YES;
				CLANG_ENABLE_OBJC_WEAK = YES;
				CLANG_WARN_BLOCK_CAPTURE_AUTORELEASING = YES;
				CLANG_WARN_BOOL_CONVERSION = YES;
				CLANG_WARN_COMMA = YES;
				CLANG_WARN_CONSTANT_CONVERSION = YES;
				CLANG_WARN_DEPRECATED_OBJC_IMPLEMENTATIONS = YES;
				CLANG_WARN_DIRECT_OBJC_ISA_USAGE = YES_ERROR;
				CLANG_WARN_DOCUMENTATION_COMMENTS = YES;
				CLANG_WARN_EMPTY_BODY = YES;
				CLANG_WARN_ENUM_CONVERSION = YES;
				CLANG_WARN_INFINITE_RECURSION = YES;
				CLANG_WARN_INT_CONVERSION = YES;
				CLANG_WARN_NON_LITERAL_NULL_CONVERSION = YES;
				CLANG_WARN_OBJC_IMPLICIT_RETAIN_SELF = YES;
				CLANG_WARN_OBJC_LITERAL_CONVERSION = YES;
				CLANG_WARN_OBJC_ROOT_CLASS = YES_ERROR;
				CLANG_WARN_RANGE_LOOP_ANALYSIS = YES;
				CLANG_WARN_STRICT_PROTOTYPES = YES;
				CLANG_WARN_SUSPICIOUS_MOVE = YES;
				CLANG_WARN_UNGUARDED_AVAILABILITY = YES_AGGRESSIVE;
				CLANG_WARN_UNREACHABLE_CODE = YES;
				CLANG_WARN__DUPLICATE_METHOD_MATCH = YES;
				CODE_SIGN_IDENTITY = "iPhone Developer";
				COPY_PHASE_STRIP = NO;
				DEBUG_INFORMATION_FORMAT = dwarf;
				ENABLE_STRICT_OBJC_MSGSEND = YES;
				ENABLE_TESTABILITY = YES;
				GCC_C_LANGUAGE_STANDARD = gnu11;
				GCC_DYNAMIC_NO_PIC = NO;
				GCC_NO_COMMON_BLOCKS = YES;
				GCC_OPTIMIZATION_LEVEL = 0;
				GCC_PREPROCESSOR_DEFINITIONS = (
					"DEBUG=1",
					"$(inherited)",
				);
				GCC_WARN_64_TO_32_BIT_CONVERSION = YES;
				GCC_WARN_ABOUT_RETURN_TYPE = YES_ERROR;
				GCC_WARN_UNDECLARED_SELECTOR = YES;
				GCC_WARN_UNINITIALIZED_AUTOS = YES_AGGRESSIVE;
				GCC_WARN_UNUSED_FUNCTION = YES;
				GCC_WARN_UNUSED_VARIABLE = YES;
				IPHONEOS_DEPLOYMENT_TARGET = 12.1;
				MTL_ENABLE_DEBUG_INFO = INCLUDE_SOURCE;
				MTL_FAST_MATH = YES;
				ONLY_ACTIVE_ARCH = YES;
				SDKROOT = iphoneos;
				SWIFT_ACTIVE_COMPILATION_CONDITIONS = DEBUG;
				SWIFT_OPTIMIZATION_LEVEL = "-Onone";
			};
			name = Debug;
		};
		00A1F2A9218B3C5F002ADE3C /* Release */ = {
			isa = XCBuildConfiguration;
			buildSettings = {
				ALWAYS_SEARCH_USER_PATHS = NO;
				CLANG_ANALYZER_NONNULL = YES;
				CLANG_ANALYZER_NUMBER_OBJECT_CONVERSION = YES_AGGRESSIVE;
				CLANG_CXX_LANGUAGE_STANDARD = "gnu++14";
				CLANG_CXX_LIBRARY = "libc++";
				CLANG_ENABLE_MODULES = YES;
				CLANG_ENABLE_OBJC_ARC = YES;
				CLANG_ENABLE_OBJC_WEAK = YES;
				CLANG_WARN_BLOCK_CAPTURE_AUTORELEASING = YES;
				CLANG_WARN_BOOL_CONVERSION = YES;
				CLANG_WARN_COMMA = YES;
				CLANG_WARN_CONSTANT_CONVERSION = YES;
				CLANG_WARN_DEPRECATED_OBJC_IMPLEMENTATIONS = YES;
				CLANG_WARN_DIRECT_OBJC_ISA_USAGE = YES_ERROR;
				CLANG_WARN_DOCUMENTATION_COMMENTS = YES;
				CLANG_WARN_EMPTY_BODY = YES;
				CLANG_WARN_ENUM_CONVERSION = YES;
				CLANG_WARN_INFINITE_RECURSION = YES;
				CLANG_WARN_INT_CONVERSION = YES;
				CLANG_WARN_NON_LITERAL_NULL_CONVERSION = YES;
				CLANG_WARN_OBJC_IMPLICIT_RETAIN_SELF = YES;
				CLANG_WARN_OBJC_LITERAL_CONVERSION = YES;
				CLANG_WARN_OBJC_ROOT_CLASS = YES_ERROR;
				CLANG_WARN_RANGE_LOOP_ANALYSIS = YES;
				CLANG_WARN_STRICT_PROTOTYPES = YES;
				CLANG_WARN_SUSPICIOUS_MOVE = YES;
				CLANG_WARN_UNGUARDED_AVAILABILITY = YES_AGGRESSIVE;
				CLANG_WARN_UNREACHABLE_CODE = YES;
				CLANG_WARN__DUPLICATE_METHOD_MATCH = YES;
				CODE_SIGN_IDENTITY = "iPhone Developer";
				COPY_PHASE_STRIP = NO;
				DEBUG_INFORMATION_FORMAT = "dwarf-with-dsym";
				ENABLE_NS_ASSERTIONS = NO;
				ENABLE_STRICT_OBJC_MSGSEND = YES;
				GCC_C_LANGUAGE_STANDARD = gnu11;
				GCC_NO_COMMON_BLOCKS = YES;
				GCC_WARN_64_TO_32_BIT_CONVERSION = YES;
				GCC_WARN_ABOUT_RETURN_TYPE = YES_ERROR;
				GCC_WARN_UNDECLARED_SELECTOR = YES;
				GCC_WARN_UNINITIALIZED_AUTOS = YES_AGGRESSIVE;
				GCC_WARN_UNUSED_FUNCTION = YES;
				GCC_WARN_UNUSED_VARIABLE = YES;
				IPHONEOS_DEPLOYMENT_TARGET = 12.1;
				MTL_ENABLE_DEBUG_INFO = NO;
				MTL_FAST_MATH = YES;
				SDKROOT = iphoneos;
				SWIFT_COMPILATION_MODE = wholemodule;
				SWIFT_OPTIMIZATION_LEVEL = "-O";
				VALIDATE_PRODUCT = YES;
			};
			name = Release;
		};
		00A1F2AB218B3C5F002ADE3C /* Debug */ = {
			isa = XCBuildConfiguration;
			buildSettings = {
				ASSETCATALOG_COMPILER_APPICON_NAME = AppIcon;
				CODE_SIGN_STYLE = Automatic;
				INFOPLIST_FILE = AssessmentMVVM/Info.plist;
				LD_RUNPATH_SEARCH_PATHS = (
					"$(inherited)",
					"@executable_path/Frameworks",
				);
				PRODUCT_BUNDLE_IDENTIFIER = com.Ady.AssessmentMVVM;
				PRODUCT_NAME = "$(TARGET_NAME)";
				SWIFT_VERSION = 4.2;
				TARGETED_DEVICE_FAMILY = "1,2";
			};
			name = Debug;
		};
		00A1F2AC218B3C5F002ADE3C /* Release */ = {
			isa = XCBuildConfiguration;
			buildSettings = {
				ASSETCATALOG_COMPILER_APPICON_NAME = AppIcon;
				CODE_SIGN_STYLE = Automatic;
				INFOPLIST_FILE = AssessmentMVVM/Info.plist;
				LD_RUNPATH_SEARCH_PATHS = (
					"$(inherited)",
					"@executable_path/Frameworks",
				);
				PRODUCT_BUNDLE_IDENTIFIER = com.Ady.AssessmentMVVM;
				PRODUCT_NAME = "$(TARGET_NAME)";
				SWIFT_VERSION = 4.2;
				TARGETED_DEVICE_FAMILY = "1,2";
			};
			name = Release;
		};
/* End XCBuildConfiguration section */

/* Begin XCConfigurationList section */
		00089B4121938BA90010DFA6 /* Build configuration list for PBXNativeTarget "AssessmentMVVMTests" */ = {
			isa = XCConfigurationList;
			buildConfigurations = (
				00089B3F21938BA90010DFA6 /* Debug */,
				00089B4021938BA90010DFA6 /* Release */,
			);
			defaultConfigurationIsVisible = 0;
			defaultConfigurationName = Release;
		};
		00089B4D219390BE0010DFA6 /* Build configuration list for PBXNativeTarget "AssessmentMVVMUITests" */ = {
			isa = XCConfigurationList;
			buildConfigurations = (
				00089B4E219390BE0010DFA6 /* Debug */,
				00089B4F219390BE0010DFA6 /* Release */,
			);
			defaultConfigurationIsVisible = 0;
			defaultConfigurationName = Release;
		};
		00A1F293218B3C5A002ADE3C /* Build configuration list for PBXProject "AssessmentMVVM" */ = {
			isa = XCConfigurationList;
			buildConfigurations = (
				00A1F2A8218B3C5F002ADE3C /* Debug */,
				00A1F2A9218B3C5F002ADE3C /* Release */,
			);
			defaultConfigurationIsVisible = 0;
			defaultConfigurationName = Release;
		};
		00A1F2AA218B3C5F002ADE3C /* Build configuration list for PBXNativeTarget "AssessmentMVVM" */ = {
			isa = XCConfigurationList;
			buildConfigurations = (
				00A1F2AB218B3C5F002ADE3C /* Debug */,
				00A1F2AC218B3C5F002ADE3C /* Release */,
			);
			defaultConfigurationIsVisible = 0;
			defaultConfigurationName = Release;
		};
/* End XCConfigurationList section */
	};
	rootObject = 00A1F290218B3C5A002ADE3C /* Project object */;
}
